
Microsoft Visual Studio Solution File, Format Version 12.00
Project("{F2A71F9B-5D33-465A-A702-920D77279786}") = "fp-lab4", "fp-lab4\fp-lab4.fsproj", "{BAF916CD-321D-46B9-ADEF-F82AA3240E7A}"
EndProject
Global
	GlobalSection(SolutionConfigurationPlatforms) = preSolution
		Debug|Any CPU = Debug|Any CPU
		Release|Any CPU = Release|Any CPU
	EndGlobalSection
	GlobalSection(ProjectConfigurationPlatforms) = postSolution
		{BAF916CD-321D-46B9-ADEF-F82AA3240E7A}.Debug|Any CPU.ActiveCfg = Debug|Any CPU
		{BAF916CD-321D-46B9-ADEF-F82AA3240E7A}.Debug|Any CPU.Build.0 = Debug|Any CPU
		{BAF916CD-321D-46B9-ADEF-F82AA3240E7A}.Release|Any CPU.ActiveCfg = Release|Any CPU
		{BAF916CD-321D-46B9-ADEF-F82AA3240E7A}.Release|Any CPU.Build.0 = Release|Any CPU
	EndGlobalSection
EndGlobal
